// !$*UTF8*$!
{
	archiveVersion = 1;
	classes = {
	};
	objectVersion = 77;
	objects = {

/* Begin PBXContainerItemProxy section */
		92BDB3BE2CA92A71003ABBDA /* PBXContainerItemProxy */ = {
			isa = PBXContainerItemProxy;
			containerPortal = 92BDB3A52CA92A70003ABBDA /* Project object */;
			proxyType = 1;
			remoteGlobalIDString = 92BDB3AC2CA92A70003ABBDA;
			remoteInfo = Sufana;
		};
		92BDB3C82CA92A71003ABBDA /* PBXContainerItemProxy */ = {
			isa = PBXContainerItemProxy;
			containerPortal = 92BDB3A52CA92A70003ABBDA /* Project object */;
			proxyType = 1;
			remoteGlobalIDString = 92BDB3AC2CA92A70003ABBDA;
			remoteInfo = Sufana;
		};
/* End PBXContainerItemProxy section */

/* Begin PBXFileReference section */
		92BDB3AD2CA92A70003ABBDA /* Sufana.app */ = {isa = PBXFileReference; explicitFileType = wrapper.application; includeInIndex = 0; path = Sufana.app; sourceTree = BUILT_PRODUCTS_DIR; };
		92BDB3BD2CA92A71003ABBDA /* SufanaTests.xctest */ = {isa = PBXFileReference; explicitFileType = wrapper.cfbundle; includeInIndex = 0; path = SufanaTests.xctest; sourceTree = BUILT_PRODUCTS_DIR; };
		92BDB3C72CA92A71003ABBDA /* SufanaUITests.xctest */ = {isa = PBXFileReference; explicitFileType = wrapper.cfbundle; includeInIndex = 0; path = SufanaUITests.xctest; sourceTree = BUILT_PRODUCTS_DIR; };
/* End PBXFileReference section */

/* Begin PBXFileSystemSynchronizedRootGroup section */
		92BDB3AF2CA92A70003ABBDA /* Sufana */ = {
			isa = PBXFileSystemSynchronizedRootGroup;
			path = Sufana;
			sourceTree = "<group>";
		};
		92BDB3C02CA92A71003ABBDA /* SufanaTests */ = {
			isa = PBXFileSystemSynchronizedRootGroup;
			path = SufanaTests;
			sourceTree = "<group>";
		};
		92BDB3CA2CA92A71003ABBDA /* SufanaUITests */ = {
			isa = PBXFileSystemSynchronizedRootGroup;
			path = SufanaUITests;
			sourceTree = "<group>";
		};
/* End PBXFileSystemSynchronizedRootGroup section */

/* Begin PBXFrameworksBuildPhase section */
		92BDB3AA2CA92A70003ABBDA /* Frameworks */ = {
			isa = PBXFrameworksBuildPhase;
			buildActionMask = 2147483647;
			files = (
			);
			runOnlyForDeploymentPostprocessing = 0;
		};
		92BDB3BA2CA92A71003ABBDA /* Frameworks */ = {
			isa = PBXFrameworksBuildPhase;
			buildActionMask = 2147483647;
			files = (
			);
			runOnlyForDeploymentPostprocessing = 0;
		};
		92BDB3C42CA92A71003ABBDA /* Frameworks */ = {
			isa = PBXFrameworksBuildPhase;
			buildActionMask = 2147483647;
			files = (
			);
			runOnlyForDeploymentPostprocessing = 0;
		};
/* End PBXFrameworksBuildPhase section */

/* Begin PBXGroup section */
		92BDB3A42CA92A70003ABBDA = {
			isa = PBXGroup;
			children = (
				92BDB3AF2CA92A70003ABBDA /* Sufana */,
				92BDB3C02CA92A71003ABBDA /* SufanaTests */,
				92BDB3CA2CA92A71003ABBDA /* SufanaUITests */,
				92BDB3AE2CA92A70003ABBDA /* Products */,
			);
			sourceTree = "<group>";
		};
		92BDB3AE2CA92A70003ABBDA /* Products */ = {
			isa = PBXGroup;
			children = (
				92BDB3AD2CA92A70003ABBDA /* Sufana.app */,
				92BDB3BD2CA92A71003ABBDA /* SufanaTests.xctest */,
				92BDB3C72CA92A71003ABBDA /* SufanaUITests.xctest */,
			);
			name = Products;
			sourceTree = "<group>";
		};
/* End PBXGroup section */

/* Begin PBXNativeTarget section */
		92BDB3AC2CA92A70003ABBDA /* Sufana */ = {
			isa = PBXNativeTarget;
			buildConfigurationList = 92BDB3D12CA92A71003ABBDA /* Build configuration list for PBXNativeTarget "Sufana" */;
			buildPhases = (
				92BDB3A92CA92A70003ABBDA /* Sources */,
				92BDB3AA2CA92A70003ABBDA /* Frameworks */,
				92BDB3AB2CA92A70003ABBDA /* Resources */,
			);
			buildRules = (
			);
			dependencies = (
			);
			fileSystemSynchronizedGroups = (
				92BDB3AF2CA92A70003ABBDA /* Sufana */,
			);
			name = Sufana;
			packageProductDependencies = (
			);
			productName = Sufana;
			productReference = 92BDB3AD2CA92A70003ABBDA /* Sufana.app */;
			productType = "com.apple.product-type.application";
		};
		92BDB3BC2CA92A71003ABBDA /* SufanaTests */ = {
			isa = PBXNativeTarget;
			buildConfigurationList = 92BDB3D42CA92A71003ABBDA /* Build configuration list for PBXNativeTarget "SufanaTests" */;
			buildPhases = (
				92BDB3B92CA92A71003ABBDA /* Sources */,
				92BDB3BA2CA92A71003ABBDA /* Frameworks */,
				92BDB3BB2CA92A71003ABBDA /* Resources */,
			);
			buildRules = (
			);
			dependencies = (
				92BDB3BF2CA92A71003ABBDA /* PBXTargetDependency */,
			);
			fileSystemSynchronizedGroups = (
				92BDB3C02CA92A71003ABBDA /* SufanaTests */,
			);
			name = SufanaTests;
			packageProductDependencies = (
			);
			productName = SufanaTests;
			productReference = 92BDB3BD2CA92A71003ABBDA /* SufanaTests.xctest */;
			productType = "com.apple.product-type.bundle.unit-test";
		};
		92BDB3C62CA92A71003ABBDA /* SufanaUITests */ = {
			isa = PBXNativeTarget;
			buildConfigurationList = 92BDB3D72CA92A71003ABBDA /* Build configuration list for PBXNativeTarget "SufanaUITests" */;
			buildPhases = (
				92BDB3C32CA92A71003ABBDA /* Sources */,
				92BDB3C42CA92A71003ABBDA /* Frameworks */,
				92BDB3C52CA92A71003ABBDA /* Resources */,
			);
			buildRules = (
			);
			dependencies = (
				92BDB3C92CA92A71003ABBDA /* PBXTargetDependency */,
			);
			fileSystemSynchronizedGroups = (
				92BDB3CA2CA92A71003ABBDA /* SufanaUITests */,
			);
			name = SufanaUITests;
			packageProductDependencies = (
			);
			productName = SufanaUITests;
			productReference = 92BDB3C72CA92A71003ABBDA /* SufanaUITests.xctest */;
			productType = "com.apple.product-type.bundle.ui-testing";
		};
/* End PBXNativeTarget section */

/* Begin PBXProject section */
		92BDB3A52CA92A70003ABBDA /* Project object */ = {
			isa = PBXProject;
			attributes = {
				BuildIndependentTargetsInParallel = 1;
				LastSwiftUpdateCheck = 1600;
				LastUpgradeCheck = 1600;
				TargetAttributes = {
					92BDB3AC2CA92A70003ABBDA = {
						CreatedOnToolsVersion = 16.0;
					};
					92BDB3BC2CA92A71003ABBDA = {
						CreatedOnToolsVersion = 16.0;
						TestTargetID = 92BDB3AC2CA92A70003ABBDA;
					};
					92BDB3C62CA92A71003ABBDA = {
						CreatedOnToolsVersion = 16.0;
						TestTargetID = 92BDB3AC2CA92A70003ABBDA;
					};
				};
			};
			buildConfigurationList = 92BDB3A82CA92A70003ABBDA /* Build configuration list for PBXProject "Sufana" */;
			developmentRegion = en;
			hasScannedForEncodings = 0;
			knownRegions = (
				en,
				Base,
			);
			mainGroup = 92BDB3A42CA92A70003ABBDA;
			minimizedProjectReferenceProxies = 1;
			preferredProjectObjectVersion = 77;
			productRefGroup = 92BDB3AE2CA92A70003ABBDA /* Products */;
			projectDirPath = "";
			projectRoot = "";
			targets = (
				92BDB3AC2CA92A70003ABBDA /* Sufana */,
				92BDB3BC2CA92A71003ABBDA /* SufanaTests */,
				92BDB3C62CA92A71003ABBDA /* SufanaUITests */,
			);
		};
/* End PBXProject section */

/* Begin PBXResourcesBuildPhase section */
		92BDB3AB2CA92A70003ABBDA /* Resources */ = {
			isa = PBXResourcesBuildPhase;
			buildActionMask = 2147483647;
			files = (
			);
			runOnlyForDeploymentPostprocessing = 0;
		};
		92BDB3BB2CA92A71003ABBDA /* Resources */ = {
			isa = PBXResourcesBuildPhase;
			buildActionMask = 2147483647;
			files = (
			);
			runOnlyForDeploymentPostprocessing = 0;
		};
		92BDB3C52CA92A71003ABBDA /* Resources */ = {
			isa = PBXResourcesBuildPhase;
			buildActionMask = 2147483647;
			files = (
			);
			runOnlyForDeploymentPostprocessing = 0;
		};
/* End PBXResourcesBuildPhase section */

/* Begin PBXSourcesBuildPhase section */
		92BDB3A92CA92A70003ABBDA /* Sources */ = {
			isa = PBXSourcesBuildPhase;
			buildActionMask = 2147483647;
			files = (
			);
			runOnlyForDeploymentPostprocessing = 0;
		};
		92BDB3B92CA92A71003ABBDA /* Sources */ = {
			isa = PBXSourcesBuildPhase;
			buildActionMask = 2147483647;
			files = (
			);
			runOnlyForDeploymentPostprocessing = 0;
		};
		92BDB3C32CA92A71003ABBDA /* Sources */ = {
			isa = PBXSourcesBuildPhase;
			buildActionMask = 2147483647;
			files = (
			);
			runOnlyForDeploymentPostprocessing = 0;
		};
/* End PBXSourcesBuildPhase section */

/* Begin PBXTargetDependency section */
		92BDB3BF2CA92A71003ABBDA /* PBXTargetDependency */ = {
			isa = PBXTargetDependency;
			target = 92BDB3AC2CA92A70003ABBDA /* Sufana */;
			targetProxy = 92BDB3BE2CA92A71003ABBDA /* PBXContainerItemProxy */;
		};
		92BDB3C92CA92A71003ABBDA /* PBXTargetDependency */ = {
			isa = PBXTargetDependency;
			target = 92BDB3AC2CA92A70003ABBDA /* Sufana */;
			targetProxy = 92BDB3C82CA92A71003ABBDA /* PBXContainerItemProxy */;
		};
/* End PBXTargetDependency section */

/* Begin XCBuildConfiguration section */
		92BDB3CF2CA92A71003ABBDA /* Debug */ = {
			isa = XCBuildConfiguration;
			buildSettings = {
				ALWAYS_SEARCH_USER_PATHS = NO;
				ASSETCATALOG_COMPILER_GENERATE_SWIFT_ASSET_SYMBOL_EXTENSIONS = YES;
				CLANG_ANALYZER_NONNULL = YES;
				CLANG_ANALYZER_NUMBER_OBJECT_CONVERSION = YES_AGGRESSIVE;
				CLANG_CXX_LANGUAGE_STANDARD = "gnu++20";
				CLANG_ENABLE_MODULES = YES;
				CLANG_ENABLE_OBJC_ARC = YES;
				CLANG_ENABLE_OBJC_WEAK = YES;
				CLANG_WARN_BLOCK_CAPTURE_AUTORELEASING = YES;
				CLANG_WARN_BOOL_CONVERSION = YES;
				CLANG_WARN_COMMA = YES;
				CLANG_WARN_CONSTANT_CONVERSION = YES;
				CLANG_WARN_DEPRECATED_OBJC_IMPLEMENTATIONS = YES;
				CLANG_WARN_DIRECT_OBJC_ISA_USAGE = YES_ERROR;
				CLANG_WARN_DOCUMENTATION_COMMENTS = YES;
				CLANG_WARN_EMPTY_BODY = YES;
				CLANG_WARN_ENUM_CONVERSION = YES;
				CLANG_WARN_INFINITE_RECURSION = YES;
				CLANG_WARN_INT_CONVERSION = YES;
				CLANG_WARN_NON_LITERAL_NULL_CONVERSION = YES;
				CLANG_WARN_OBJC_IMPLICIT_RETAIN_SELF = YES;
				CLANG_WARN_OBJC_LITERAL_CONVERSION = YES;
				CLANG_WARN_OBJC_ROOT_CLASS = YES_ERROR;
				CLANG_WARN_QUOTED_INCLUDE_IN_FRAMEWORK_HEADER = YES;
				CLANG_WARN_RANGE_LOOP_ANALYSIS = YES;
				CLANG_WARN_STRICT_PROTOTYPES = YES;
				CLANG_WARN_SUSPICIOUS_MOVE = YES;
				CLANG_WARN_UNGUARDED_AVAILABILITY = YES_AGGRESSIVE;
				CLANG_WARN_UNREACHABLE_CODE = YES;
				CLANG_WARN__DUPLICATE_METHOD_MATCH = YES;
				COPY_PHASE_STRIP = NO;
				DEBUG_INFORMATION_FORMAT = dwarf;
				ENABLE_STRICT_OBJC_MSGSEND = YES;
				ENABLE_TESTABILITY = YES;
				ENABLE_USER_SCRIPT_SANDBOXING = YES;
				GCC_C_LANGUAGE_STANDARD = gnu17;
				GCC_DYNAMIC_NO_PIC = NO;
				GCC_NO_COMMON_BLOCKS = YES;
				GCC_OPTIMIZATION_LEVEL = 0;
				GCC_PREPROCESSOR_DEFINITIONS = (
					"DEBUG=1",
					"$(inherited)",
				);
				GCC_WARN_64_TO_32_BIT_CONVERSION = YES;
				GCC_WARN_ABOUT_RETURN_TYPE = YES_ERROR;
				GCC_WARN_UNDECLARED_SELECTOR = YES;
				GCC_WARN_UNINITIALIZED_AUTOS = YES_AGGRESSIVE;
				GCC_WARN_UNUSED_FUNCTION = YES;
				GCC_WARN_UNUSED_VARIABLE = YES;
				IPHONEOS_DEPLOYMENT_TARGET = 18.0;
				LOCALIZATION_PREFERS_STRING_CATALOGS = YES;
				MTL_ENABLE_DEBUG_INFO = INCLUDE_SOURCE;
				MTL_FAST_MATH = YES;
				ONLY_ACTIVE_ARCH = YES;
				SDKROOT = iphoneos;
				SWIFT_ACTIVE_COMPILATION_CONDITIONS = "DEBUG $(inherited)";
				SWIFT_OPTIMIZATION_LEVEL = "-Onone";
			};
			name = Debug;
		};
		92BDB3D02CA92A71003ABBDA /* Release */ = {
			isa = XCBuildConfiguration;
			buildSettings = {
				ALWAYS_SEARCH_USER_PATHS = NO;
				ASSETCATALOG_COMPILER_GENERATE_SWIFT_ASSET_SYMBOL_EXTENSIONS = YES;
				CLANG_ANALYZER_NONNULL = YES;
				CLANG_ANALYZER_NUMBER_OBJECT_CONVERSION = YES_AGGRESSIVE;
				CLANG_CXX_LANGUAGE_STANDARD = "gnu++20";
				CLANG_ENABLE_MODULES = YES;
				CLANG_ENABLE_OBJC_ARC = YES;
				CLANG_ENABLE_OBJC_WEAK = YES;
				CLANG_WARN_BLOCK_CAPTURE_AUTORELEASING = YES;
				CLANG_WARN_BOOL_CONVERSION = YES;
				CLANG_WARN_COMMA = YES;
				CLANG_WARN_CONSTANT_CONVERSION = YES;
				CLANG_WARN_DEPRECATED_OBJC_IMPLEMENTATIONS = YES;
				CLANG_WARN_DIRECT_OBJC_ISA_USAGE = YES_ERROR;
				CLANG_WARN_DOCUMENTATION_COMMENTS = YES;
				CLANG_WARN_EMPTY_BODY = YES;
				CLANG_WARN_ENUM_CONVERSION = YES;
				CLANG_WARN_INFINITE_RECURSION = YES;
				CLANG_WARN_INT_CONVERSION = YES;
				CLANG_WARN_NON_LITERAL_NULL_CONVERSION = YES;
				CLANG_WARN_OBJC_IMPLICIT_RETAIN_SELF = YES;
				CLANG_WARN_OBJC_LITERAL_CONVERSION = YES;
				CLANG_WARN_OBJC_ROOT_CLASS = YES_ERROR;
				CLANG_WARN_QUOTED_INCLUDE_IN_FRAMEWORK_HEADER = YES;
				CLANG_WARN_RANGE_LOOP_ANALYSIS = YES;
				CLANG_WARN_STRICT_PROTOTYPES = YES;
				CLANG_WARN_SUSPICIOUS_MOVE = YES;
				CLANG_WARN_UNGUARDED_AVAILABILITY = YES_AGGRESSIVE;
				CLANG_WARN_UNREACHABLE_CODE = YES;
				CLANG_WARN__DUPLICATE_METHOD_MATCH = YES;
				COPY_PHASE_STRIP = NO;
				DEBUG_INFORMATION_FORMAT = "dwarf-with-dsym";
				ENABLE_NS_ASSERTIONS = NO;
				ENABLE_STRICT_OBJC_MSGSEND = YES;
				ENABLE_USER_SCRIPT_SANDBOXING = YES;
				GCC_C_LANGUAGE_STANDARD = gnu17;
				GCC_NO_COMMON_BLOCKS = YES;
				GCC_WARN_64_TO_32_BIT_CONVERSION = YES;
				GCC_WARN_ABOUT_RETURN_TYPE = YES_ERROR;
				GCC_WARN_UNDECLARED_SELECTOR = YES;
				GCC_WARN_UNINITIALIZED_AUTOS = YES_AGGRESSIVE;
				GCC_WARN_UNUSED_FUNCTION = YES;
				GCC_WARN_UNUSED_VARIABLE = YES;
				IPHONEOS_DEPLOYMENT_TARGET = 18.0;
				LOCALIZATION_PREFERS_STRING_CATALOGS = YES;
				MTL_ENABLE_DEBUG_INFO = NO;
				MTL_FAST_MATH = YES;
				SDKROOT = iphoneos;
				SWIFT_COMPILATION_MODE = wholemodule;
				VALIDATE_PRODUCT = YES;
			};
			name = Release;
		};
		92BDB3D22CA92A71003ABBDA /* Debug */ = {
			isa = XCBuildConfiguration;
			buildSettings = {
				ASSETCATALOG_COMPILER_APPICON_NAME = AppIcon;
				ASSETCATALOG_COMPILER_GLOBAL_ACCENT_COLOR_NAME = AccentColor;
				CODE_SIGN_STYLE = Automatic;
				CURRENT_PROJECT_VERSION = 1;
				DEVELOPMENT_ASSET_PATHS = "\"Sufana/Preview Content\"";
				ENABLE_PREVIEWS = YES;
				GENERATE_INFOPLIST_FILE = YES;
				INFOPLIST_KEY_UIApplicationSceneManifest_Generation = YES;
				INFOPLIST_KEY_UIApplicationSupportsIndirectInputEvents = YES;
				INFOPLIST_KEY_UILaunchScreen_Generation = YES;
				INFOPLIST_KEY_UISupportedInterfaceOrientations_iPad = "UIInterfaceOrientationPortrait UIInterfaceOrientationPortraitUpsideDown UIInterfaceOrientationLandscapeLeft UIInterfaceOrientationLandscapeRight";
				INFOPLIST_KEY_UISupportedInterfaceOrientations_iPhone = "UIInterfaceOrientationPortrait UIInterfaceOrientationLandscapeLeft UIInterfaceOrientationLandscapeRight";
				LD_RUNPATH_SEARCH_PATHS = (
					"$(inherited)",
					"@executable_path/Frameworks",
				);
				MARKETING_VERSION = 1.0;
				PRODUCT_BUNDLE_IDENTIFIER = com.saffanah.Sufana;
				PRODUCT_NAME = "$(TARGET_NAME)";
				SWIFT_EMIT_LOC_STRINGS = YES;
				SWIFT_VERSION = 5.0;
				TARGETED_DEVICE_FAMILY = "1,2";
			};
			name = Debug;
		};
		92BDB3D32CA92A71003ABBDA /* Release */ = {
			isa = XCBuildConfiguration;
			buildSettings = {
				ASSETCATALOG_COMPILER_APPICON_NAME = AppIcon;
				ASSETCATALOG_COMPILER_GLOBAL_ACCENT_COLOR_NAME = AccentColor;
				CODE_SIGN_STYLE = Automatic;
				CURRENT_PROJECT_VERSION = 1;
				DEVELOPMENT_ASSET_PATHS = "\"Sufana/Preview Content\"";
				ENABLE_PREVIEWS = YES;
				GENERATE_INFOPLIST_FILE = YES;
				INFOPLIST_KEY_UIApplicationSceneManifest_Generation = YES;
				INFOPLIST_KEY_UIApplicationSupportsIndirectInputEvents = YES;
				INFOPLIST_KEY_UILaunchScreen_Generation = YES;
				INFOPLIST_KEY_UISupportedInterfaceOrientations_iPad = "UIInterfaceOrientationPortrait UIInterfaceOrientationPortraitUpsideDown UIInterfaceOrientationLandscapeLeft UIInterfaceOrientationLandscapeRight";
				INFOPLIST_KEY_UISupportedInterfaceOrientations_iPhone = "UIInterfaceOrientationPortrait UIInterfaceOrientationLandscapeLeft UIInterfaceOrientationLandscapeRight";
				LD_RUNPATH_SEARCH_PATHS = (
					"$(inherited)",
					"@executable_path/Frameworks",
				);
				MARKETING_VERSION = 1.0;
				PRODUCT_BUNDLE_IDENTIFIER = com.saffanah.Sufana;
				PRODUCT_NAME = "$(TARGET_NAME)";
				SWIFT_EMIT_LOC_STRINGS = YES;
				SWIFT_VERSION = 5.0;
				TARGETED_DEVICE_FAMILY = "1,2";
			};
			name = Release;
		};
		92BDB3D52CA92A71003ABBDA /* Debug */ = {
			isa = XCBuildConfiguration;
			buildSettings = {
				BUNDLE_LOADER = "$(TEST_HOST)";
				CODE_SIGN_STYLE = Automatic;
				CURRENT_PROJECT_VERSION = 1;
				GENERATE_INFOPLIST_FILE = YES;
				IPHONEOS_DEPLOYMENT_TARGET = 18.0;
				MARKETING_VERSION = 1.0;
				PRODUCT_BUNDLE_IDENTIFIER = com.saffanah.SufanaTests;
				PRODUCT_NAME = "$(TARGET_NAME)";
				SWIFT_EMIT_LOC_STRINGS = NO;
				SWIFT_VERSION = 5.0;
				TARGETED_DEVICE_FAMILY = "1,2";
				TEST_HOST = "$(BUILT_PRODUCTS_DIR)/Sufana.app/$(BUNDLE_EXECUTABLE_FOLDER_PATH)/Sufana";
			};
			name = Debug;
		};
		92BDB3D62CA92A71003ABBDA /* Release */ = {
			isa = XCBuildConfiguration;
			buildSettings = {
				BUNDLE_LOADER = "$(TEST_HOST)";
				CODE_SIGN_STYLE = Automatic;
				CURRENT_PROJECT_VERSION = 1;
				GENERATE_INFOPLIST_FILE = YES;
				IPHONEOS_DEPLOYMENT_TARGET = 18.0;
				MARKETING_VERSION = 1.0;
				PRODUCT_BUNDLE_IDENTIFIER = com.saffanah.SufanaTests;
				PRODUCT_NAME = "$(TARGET_NAME)";
				SWIFT_EMIT_LOC_STRINGS = NO;
				SWIFT_VERSION = 5.0;
				TARGETED_DEVICE_FAMILY = "1,2";
				TEST_HOST = "$(BUILT_PRODUCTS_DIR)/Sufana.app/$(BUNDLE_EXECUTABLE_FOLDER_PATH)/Sufana";
			};
			name = Release;
		};
		92BDB3D82CA92A71003ABBDA /* Debug */ = {
			isa = XCBuildConfiguration;
			buildSettings = {
				CODE_SIGN_STYLE = Automatic;
				CURRENT_PROJECT_VERSION = 1;
				GENERATE_INFOPLIST_FILE = YES;
				MARKETING_VERSION = 1.0;
				PRODUCT_BUNDLE_IDENTIFIER = com.saffanah.SufanaUITests;
				PRODUCT_NAME = "$(TARGET_NAME)";
				SWIFT_EMIT_LOC_STRINGS = NO;
				SWIFT_VERSION = 5.0;
				TARGETED_DEVICE_FAMILY = "1,2";
				TEST_TARGET_NAME = Sufana;
			};
			name = Debug;
		};
		92BDB3D92CA92A71003ABBDA /* Release */ = {
			isa = XCBuildConfiguration;
			buildSettings = {
				CODE_SIGN_STYLE = Automatic;
				CURRENT_PROJECT_VERSION = 1;
				GENERATE_INFOPLIST_FILE = YES;
				MARKETING_VERSION = 1.0;
				PRODUCT_BUNDLE_IDENTIFIER = com.saffanah.SufanaUITests;
				PRODUCT_NAME = "$(TARGET_NAME)";
				SWIFT_EMIT_LOC_STRINGS = NO;
				SWIFT_VERSION = 5.0;
				TARGETED_DEVICE_FAMILY = "1,2";
				TEST_TARGET_NAME = Sufana;
			};
			name = Release;
		};
/* End XCBuildConfiguration section */

/* Begin XCConfigurationList section */
		92BDB3A82CA92A70003ABBDA /* Build configuration list for PBXProject "Sufana" */ = {
			isa = XCConfigurationList;
			buildConfigurations = (
				92BDB3CF2CA92A71003ABBDA /* Debug */,
				92BDB3D02CA92A71003ABBDA /* Release */,
			);
			defaultConfigurationIsVisible = 0;
			defaultConfigurationName = Release;
		};
		92BDB3D12CA92A71003ABBDA /* Build configuration list for PBXNativeTarget "Sufana" */ = {
			isa = XCConfigurationList;
			buildConfigurations = (
				92BDB3D22CA92A71003ABBDA /* Debug */,
				92BDB3D32CA92A71003ABBDA /* Release */,
			);
			defaultConfigurationIsVisible = 0;
			defaultConfigurationName = Release;
		};
		92BDB3D42CA92A71003ABBDA /* Build configuration list for PBXNativeTarget "SufanaTests" */ = {
			isa = XCConfigurationList;
			buildConfigurations = (
				92BDB3D52CA92A71003ABBDA /* Debug */,
				92BDB3D62CA92A71003ABBDA /* Release */,
			);
			defaultConfigurationIsVisible = 0;
			defaultConfigurationName = Release;
		};
		92BDB3D72CA92A71003ABBDA /* Build configuration list for PBXNativeTarget "SufanaUITests" */ = {
			isa = XCConfigurationList;
			buildConfigurations = (
				92BDB3D82CA92A71003ABBDA /* Debug */,
				92BDB3D92CA92A71003ABBDA /* Release */,
			);
			defaultConfigurationIsVisible = 0;
			defaultConfigurationName = Release;
		};
/* End XCConfigurationList section */
	};
	rootObject = 92BDB3A52CA92A70003ABBDA /* Project object */;
}
